
Microsoft Visual Studio Solution File, Format Version 12.00
# Visual Studio Version 16
VisualStudioVersion = 16.0.30225.117
MinimumVisualStudioVersion = 10.0.40219.1
Project("{8BC9CEB8-8B4A-11D0-8D11-00A0C91BC942}") = "BCP_week4_puzzleGame_2", "BCP_week4_puzzleGame_2.vcxproj", "{ECBDE5F4-9788-4D26-9841-31C055CAD39D}"
EndProject
Global
	GlobalSection(SolutionConfigurationPlatforms) = preSolution
		Debug|x64 = Debug|x64
		Debug|x86 = Debug|x86
		Release|x64 = Release|x64
		Release|x86 = Release|x86
	EndGlobalSection
	GlobalSection(ProjectConfigurationPlatforms) = postSolution
		{ECBDE5F4-9788-4D26-9841-31C055CAD39D}.Debug|x64.ActiveCfg = Debug|x64
		{ECBDE5F4-9788-4D26-9841-31C055CAD39D}.Debug|x64.Build.0 = Debug|x64
		{ECBDE5F4-9788-4D26-9841-31C055CAD39D}.Debug|x86.ActiveCfg = Debug|Win32
		{ECBDE5F4-9788-4D26-9841-31C055CAD39D}.Debug|x86.Build.0 = Debug|Win32
		{ECBDE5F4-9788-4D26-9841-31C055CAD39D}.Release|x64.ActiveCfg = Release|x64
		{ECBDE5F4-9788-4D26-9841-31C055CAD39D}.Release|x64.Build.0 = Release|x64
		{ECBDE5F4-9788-4D26-9841-31C055CAD39D}.Release|x86.ActiveCfg = Release|Win32
		{ECBDE5F4-9788-4D26-9841-31C055CAD39D}.Release|x86.Build.0 = Release|Win32
	EndGlobalSection
	GlobalSection(SolutionProperties) = preSolution
		HideSolutionNode = FALSE
	EndGlobalSection
	GlobalSection(ExtensibilityGlobals) = postSolution
		SolutionGuid = {9AE78275-F5DE-48AC-9C22-F5F00B18716B}
	EndGlobalSection
EndGlobal
